// !$*UTF8*$!
{
	archiveVersion = 1;
	classes = {
	};
	objectVersion = 50;
	objects = {

/* Begin PBXBuildFile section */
		D334F96F225DEB1800B87EF0 /* AppDelegate.swift in Sources */ = {isa = PBXBuildFile; fileRef = D334F96E225DEB1800B87EF0 /* AppDelegate.swift */; };
		D334F971225DEB1800B87EF0 /* ViewController.swift in Sources */ = {isa = PBXBuildFile; fileRef = D334F970225DEB1800B87EF0 /* ViewController.swift */; };
		D334F974225DEB1800B87EF0 /* Main.storyboard in Resources */ = {isa = PBXBuildFile; fileRef = D334F972225DEB1800B87EF0 /* Main.storyboard */; };
		D334F976225DEB1900B87EF0 /* Assets.xcassets in Resources */ = {isa = PBXBuildFile; fileRef = D334F975225DEB1900B87EF0 /* Assets.xcassets */; };
		D334F979225DEB1900B87EF0 /* LaunchScreen.storyboard in Resources */ = {isa = PBXBuildFile; fileRef = D334F977225DEB1900B87EF0 /* LaunchScreen.storyboard */; };
		D334F984225DEB1900B87EF0 /* GBDeviceInfoExampleTests.swift in Sources */ = {isa = PBXBuildFile; fileRef = D334F983225DEB1900B87EF0 /* GBDeviceInfoExampleTests.swift */; };
		D334F990225DEB8900B87EF0 /* GBDeviceInfo_iOS.framework in Frameworks */ = {isa = PBXBuildFile; fileRef = D334F98F225DEB8900B87EF0 /* GBDeviceInfo_iOS.framework */; };
/* End PBXBuildFile section */

/* Begin PBXContainerItemProxy section */
		D334F980225DEB1900B87EF0 /* PBXContainerItemProxy */ = {
			isa = PBXContainerItemProxy;
			containerPortal = D334F963225DEB1800B87EF0 /* Project object */;
			proxyType = 1;
			remoteGlobalIDString = D334F96A225DEB1800B87EF0;
			remoteInfo = GBDeviceInfoExample;
		};
/* End PBXContainerItemProxy section */

/* Begin PBXFileReference section */
		D334F96B225DEB1800B87EF0 /* GBDeviceInfoExample_iOS.app */ = {isa = PBXFileReference; explicitFileType = wrapper.application; includeInIndex = 0; path = GBDeviceInfoExample_iOS.app; sourceTree = BUILT_PRODUCTS_DIR; };
		D334F96E225DEB1800B87EF0 /* AppDelegate.swift */ = {isa = PBXFileReference; lastKnownFileType = sourcecode.swift; path = AppDelegate.swift; sourceTree = "<group>"; };
		D334F970225DEB1800B87EF0 /* ViewController.swift */ = {isa = PBXFileReference; lastKnownFileType = sourcecode.swift; path = ViewController.swift; sourceTree = "<group>"; };
		D334F973225DEB1800B87EF0 /* Base */ = {isa = PBXFileReference; lastKnownFileType = file.storyboard; name = Base; path = Base.lproj/Main.storyboard; sourceTree = "<group>"; };
		D334F975225DEB1900B87EF0 /* Assets.xcassets */ = {isa = PBXFileReference; lastKnownFileType = folder.assetcatalog; path = Assets.xcassets; sourceTree = "<group>"; };
		D334F978225DEB1900B87EF0 /* Base */ = {isa = PBXFileReference; lastKnownFileType = file.storyboard; name = Base; path = Base.lproj/LaunchScreen.storyboard; sourceTree = "<group>"; };
		D334F97A225DEB1900B87EF0 /* Info.plist */ = {isa = PBXFileReference; lastKnownFileType = text.plist.xml; path = Info.plist; sourceTree = "<group>"; };
		D334F97F225DEB1900B87EF0 /* GBDeviceInfoExample_iOS_Tests.xctest */ = {isa = PBXFileReference; explicitFileType = wrapper.cfbundle; includeInIndex = 0; path = GBDeviceInfoExample_iOS_Tests.xctest; sourceTree = BUILT_PRODUCTS_DIR; };
		D334F983225DEB1900B87EF0 /* GBDeviceInfoExampleTests.swift */ = {isa = PBXFileReference; lastKnownFileType = sourcecode.swift; path = GBDeviceInfoExampleTests.swift; sourceTree = "<group>"; };
		D334F985225DEB1900B87EF0 /* Info.plist */ = {isa = PBXFileReference; lastKnownFileType = text.plist.xml; path = Info.plist; sourceTree = "<group>"; };
		D334F98F225DEB8900B87EF0 /* GBDeviceInfo_iOS.framework */ = {isa = PBXFileReference; explicitFileType = wrapper.framework; path = GBDeviceInfo_iOS.framework; sourceTree = BUILT_PRODUCTS_DIR; };
/* End PBXFileReference section */

/* Begin PBXFrameworksBuildPhase section */
		D334F968225DEB1800B87EF0 /* Frameworks */ = {
			isa = PBXFrameworksBuildPhase;
			buildActionMask = 2147483647;
			files = (
				D334F990225DEB8900B87EF0 /* GBDeviceInfo_iOS.framework in Frameworks */,
			);
			runOnlyForDeploymentPostprocessing = 0;
		};
		D334F97C225DEB1900B87EF0 /* Frameworks */ = {
			isa = PBXFrameworksBuildPhase;
			buildActionMask = 2147483647;
			files = (
			);
			runOnlyForDeploymentPostprocessing = 0;
		};
/* End PBXFrameworksBuildPhase section */

/* Begin PBXGroup section */
		D334F962225DEB1800B87EF0 = {
			isa = PBXGroup;
			children = (
				D334F96D225DEB1800B87EF0 /* GBDeviceInfoExample */,
				D334F982225DEB1900B87EF0 /* GBDeviceInfoExampleTests */,
				D334F96C225DEB1800B87EF0 /* Products */,
				D334F98E225DEB8900B87EF0 /* Frameworks */,
			);
			sourceTree = "<group>";
		};
		D334F96C225DEB1800B87EF0 /* Products */ = {
			isa = PBXGroup;
			children = (
				D334F96B225DEB1800B87EF0 /* GBDeviceInfoExample_iOS.app */,
				D334F97F225DEB1900B87EF0 /* GBDeviceInfoExample_iOS_Tests.xctest */,
			);
			name = Products;
			sourceTree = "<group>";
		};
		D334F96D225DEB1800B87EF0 /* GBDeviceInfoExample */ = {
			isa = PBXGroup;
			children = (
				D334F96E225DEB1800B87EF0 /* AppDelegate.swift */,
				D334F970225DEB1800B87EF0 /* ViewController.swift */,
				D334F972225DEB1800B87EF0 /* Main.storyboard */,
				D334F975225DEB1900B87EF0 /* Assets.xcassets */,
				D334F977225DEB1900B87EF0 /* LaunchScreen.storyboard */,
				D334F97A225DEB1900B87EF0 /* Info.plist */,
			);
			path = GBDeviceInfoExample;
			sourceTree = "<group>";
		};
		D334F982225DEB1900B87EF0 /* GBDeviceInfoExampleTests */ = {
			isa = PBXGroup;
			children = (
				D334F983225DEB1900B87EF0 /* GBDeviceInfoExampleTests.swift */,
				D334F985225DEB1900B87EF0 /* Info.plist */,
			);
			path = GBDeviceInfoExampleTests;
			sourceTree = "<group>";
		};
		D334F98E225DEB8900B87EF0 /* Frameworks */ = {
			isa = PBXGroup;
			children = (
				D334F98F225DEB8900B87EF0 /* GBDeviceInfo_iOS.framework */,
			);
			name = Frameworks;
			sourceTree = "<group>";
		};
/* End PBXGroup section */

/* Begin PBXNativeTarget section */
		D334F96A225DEB1800B87EF0 /* GBDeviceInfoExample_iOS */ = {
			isa = PBXNativeTarget;
			buildConfigurationList = D334F988225DEB1900B87EF0 /* Build configuration list for PBXNativeTarget "GBDeviceInfoExample_iOS" */;
			buildPhases = (
				D334F967225DEB1800B87EF0 /* Sources */,
				D334F968225DEB1800B87EF0 /* Frameworks */,
				D334F969225DEB1800B87EF0 /* Resources */,
			);
			buildRules = (
			);
			dependencies = (
			);
			name = GBDeviceInfoExample_iOS;
			productName = GBDeviceInfoExample;
			productReference = D334F96B225DEB1800B87EF0 /* GBDeviceInfoExample_iOS.app */;
			productType = "com.apple.product-type.application";
		};
		D334F97E225DEB1900B87EF0 /* GBDeviceInfoExample_iOS_Tests */ = {
			isa = PBXNativeTarget;
			buildConfigurationList = D334F98B225DEB1900B87EF0 /* Build configuration list for PBXNativeTarget "GBDeviceInfoExample_iOS_Tests" */;
			buildPhases = (
				D334F97B225DEB1900B87EF0 /* Sources */,
				D334F97C225DEB1900B87EF0 /* Frameworks */,
				D334F97D225DEB1900B87EF0 /* Resources */,
			);
			buildRules = (
			);
			dependencies = (
				D334F981225DEB1900B87EF0 /* PBXTargetDependency */,
			);
			name = GBDeviceInfoExample_iOS_Tests;
			productName = GBDeviceInfoExampleTests;
			productReference = D334F97F225DEB1900B87EF0 /* GBDeviceInfoExample_iOS_Tests.xctest */;
			productType = "com.apple.product-type.bundle.unit-test";
		};
/* End PBXNativeTarget section */

/* Begin PBXProject section */
		D334F963225DEB1800B87EF0 /* Project object */ = {
			isa = PBXProject;
			attributes = {
				LastSwiftUpdateCheck = 1020;
				LastUpgradeCheck = 1020;
				TargetAttributes = {
					D334F96A225DEB1800B87EF0 = {
						CreatedOnToolsVersion = 10.2;
					};
					D334F97E225DEB1900B87EF0 = {
						CreatedOnToolsVersion = 10.2;
						TestTargetID = D334F96A225DEB1800B87EF0;
					};
				};
			};
			buildConfigurationList = D334F966225DEB1800B87EF0 /* Build configuration list for PBXProject "GBDeviceInfoExample" */;
			compatibilityVersion = "Xcode 9.3";
			developmentRegion = en;
			hasScannedForEncodings = 0;
			knownRegions = (
				en,
				Base,
			);
			mainGroup = D334F962225DEB1800B87EF0;
			productRefGroup = D334F96C225DEB1800B87EF0 /* Products */;
			projectDirPath = "";
			projectRoot = "";
			targets = (
				D334F96A225DEB1800B87EF0 /* GBDeviceInfoExample_iOS */,
				D334F97E225DEB1900B87EF0 /* GBDeviceInfoExample_iOS_Tests */,
			);
		};
/* End PBXProject section */

/* Begin PBXResourcesBuildPhase section */
		D334F969225DEB1800B87EF0 /* Resources */ = {
			isa = PBXResourcesBuildPhase;
			buildActionMask = 2147483647;
			files = (
				D334F979225DEB1900B87EF0 /* LaunchScreen.storyboard in Resources */,
				D334F976225DEB1900B87EF0 /* Assets.xcassets in Resources */,
				D334F974225DEB1800B87EF0 /* Main.storyboard in Resources */,
			);
			runOnlyForDeploymentPostprocessing = 0;
		};
		D334F97D225DEB1900B87EF0 /* Resources */ = {
			isa = PBXResourcesBuildPhase;
			buildActionMask = 2147483647;
			files = (
			);
			runOnlyForDeploymentPostprocessing = 0;
		};
/* End PBXResourcesBuildPhase section */

/* Begin PBXSourcesBuildPhase section */
		D334F967225DEB1800B87EF0 /* Sources */ = {
			isa = PBXSourcesBuildPhase;
			buildActionMask = 2147483647;
			files = (
				D334F971225DEB1800B87EF0 /* ViewController.swift in Sources */,
				D334F96F225DEB1800B87EF0 /* AppDelegate.swift in Sources */,
			);
			runOnlyForDeploymentPostprocessing = 0;
		};
		D334F97B225DEB1900B87EF0 /* Sources */ = {
			isa = PBXSourcesBuildPhase;
			buildActionMask = 2147483647;
			files = (
				D334F984225DEB1900B87EF0 /* GBDeviceInfoExampleTests.swift in Sources */,
			);
			runOnlyForDeploymentPostprocessing = 0;
		};
/* End PBXSourcesBuildPhase section */

/* Begin PBXTargetDependency section */
		D334F981225DEB1900B87EF0 /* PBXTargetDependency */ = {
			isa = PBXTargetDependency;
			target = D334F96A225DEB1800B87EF0 /* GBDeviceInfoExample_iOS */;
			targetProxy = D334F980225DEB1900B87EF0 /* PBXContainerItemProxy */;
		};
/* End PBXTargetDependency section */

/* Begin PBXVariantGroup section */
		D334F972225DEB1800B87EF0 /* Main.storyboard */ = {
			isa = PBXVariantGroup;
			children = (
				D334F973225DEB1800B87EF0 /* Base */,
			);
			name = Main.storyboard;
			sourceTree = "<group>";
		};
		D334F977225DEB1900B87EF0 /* LaunchScreen.storyboard */ = {
			isa = PBXVariantGroup;
			children = (
				D334F978225DEB1900B87EF0 /* Base */,
			);
			name = LaunchScreen.storyboard;
			sourceTree = "<group>";
		};
/* End PBXVariantGroup section */

/* Begin XCBuildConfiguration section */
		D334F986225DEB1900B87EF0 /* Debug */ = {
			isa = XCBuildConfiguration;
			buildSettings = {
				ALWAYS_SEARCH_USER_PATHS = NO;
				CLANG_ANALYZER_NONNULL = YES;
				CLANG_ANALYZER_NUMBER_OBJECT_CONVERSION = YES_AGGRESSIVE;
				CLANG_CXX_LANGUAGE_STANDARD = "gnu++14";
				CLANG_CXX_LIBRARY = "libc++";
				CLANG_ENABLE_MODULES = YES;
				CLANG_ENABLE_OBJC_ARC = YES;
				CLANG_ENABLE_OBJC_WEAK = YES;
				CLANG_WARN_BLOCK_CAPTURE_AUTORELEASING = YES;
				CLANG_WARN_BOOL_CONVERSION = YES;
				CLANG_WARN_COMMA = YES;
				CLANG_WARN_CONSTANT_CONVERSION = YES;
				CLANG_WARN_DEPRECATED_OBJC_IMPLEMENTATIONS = YES;
				CLANG_WARN_DIRECT_OBJC_ISA_USAGE = YES_ERROR;
				CLANG_WARN_DOCUMENTATION_COMMENTS = YES;
				CLANG_WARN_EMPTY_BODY = YES;
				CLANG_WARN_ENUM_CONVERSION = YES;
				CLANG_WARN_INFINITE_RECURSION = YES;
				CLANG_WARN_INT_CONVERSION = YES;
				CLANG_WARN_NON_LITERAL_NULL_CONVERSION = YES;
				CLANG_WARN_OBJC_IMPLICIT_RETAIN_SELF = YES;
				CLANG_WARN_OBJC_LITERAL_CONVERSION = YES;
				CLANG_WARN_OBJC_ROOT_CLASS = YES_ERROR;
				CLANG_WARN_RANGE_LOOP_ANALYSIS = YES;
				CLANG_WARN_STRICT_PROTOTYPES = YES;
				CLANG_WARN_SUSPICIOUS_MOVE = YES;
				CLANG_WARN_UNGUARDED_AVAILABILITY = YES_AGGRESSIVE;
				CLANG_WARN_UNREACHABLE_CODE = YES;
				CLANG_WARN__DUPLICATE_METHOD_MATCH = YES;
				CODE_SIGN_IDENTITY = "iPhone Developer";
				COPY_PHASE_STRIP = NO;
				DEBUG_INFORMATION_FORMAT = dwarf;
				ENABLE_STRICT_OBJC_MSGSEND = YES;
				ENABLE_TESTABILITY = YES;
				GCC_C_LANGUAGE_STANDARD = gnu11;
				GCC_DYNAMIC_NO_PIC = NO;
				GCC_NO_COMMON_BLOCKS = YES;
				GCC_OPTIMIZATION_LEVEL = 0;
				GCC_PREPROCESSOR_DEFINITIONS = (
					"DEBUG=1",
					"$(inherited)",
				);
				GCC_WARN_64_TO_32_BIT_CONVERSION = YES;
				GCC_WARN_ABOUT_RETURN_TYPE = YES_ERROR;
				GCC_WARN_UNDECLARED_SELECTOR = YES;
				GCC_WARN_UNINITIALIZED_AUTOS = YES_AGGRESSIVE;
				GCC_WARN_UNUSED_FUNCTION = YES;
				GCC_WARN_UNUSED_VARIABLE = YES;
				IPHONEOS_DEPLOYMENT_TARGET = 12.2;
				MTL_ENABLE_DEBUG_INFO = INCLUDE_SOURCE;
				MTL_FAST_MATH = YES;
				ONLY_ACTIVE_ARCH = YES;
				SDKROOT = iphoneos;
				SWIFT_ACTIVE_COMPILATION_CONDITIONS = DEBUG;
				SWIFT_OPTIMIZATION_LEVEL = "-Onone";
			};
			name = Debug;
		};
		D334F987225DEB1900B87EF0 /* Release */ = {
			isa = XCBuildConfiguration;
			buildSettings = {
				ALWAYS_SEARCH_USER_PATHS = NO;
				CLANG_ANALYZER_NONNULL = YES;
				CLANG_ANALYZER_NUMBER_OBJECT_CONVERSION = YES_AGGRESSIVE;
				CLANG_CXX_LANGUAGE_STANDARD = "gnu++14";
				CLANG_CXX_LIBRARY = "libc++";
				CLANG_ENABLE_MODULES = YES;
				CLANG_ENABLE_OBJC_ARC = YES;
				CLANG_ENABLE_OBJC_WEAK = YES;
				CLANG_WARN_BLOCK_CAPTURE_AUTORELEASING = YES;
				CLANG_WARN_BOOL_CONVERSION = YES;
				CLANG_WARN_COMMA = YES;
				CLANG_WARN_CONSTANT_CONVERSION = YES;
				CLANG_WARN_DEPRECATED_OBJC_IMPLEMENTATIONS = YES;
				CLANG_WARN_DIRECT_OBJC_ISA_USAGE = YES_ERROR;
				CLANG_WARN_DOCUMENTATION_COMMENTS = YES;
				CLANG_WARN_EMPTY_BODY = YES;
				CLANG_WARN_ENUM_CONVERSION = YES;
				CLANG_WARN_INFINITE_RECURSION = YES;
				CLANG_WARN_INT_CONVERSION = YES;
				CLANG_WARN_NON_LITERAL_NULL_CONVERSION = YES;
				CLANG_WARN_OBJC_IMPLICIT_RETAIN_SELF = YES;
				CLANG_WARN_OBJC_LITERAL_CONVERSION = YES;
				CLANG_WARN_OBJC_ROOT_CLASS = YES_ERROR;
				CLANG_WARN_RANGE_LOOP_ANALYSIS = YES;
				CLANG_WARN_STRICT_PROTOTYPES = YES;
				CLANG_WARN_SUSPICIOUS_MOVE = YES;
				CLANG_WARN_UNGUARDED_AVAILABILITY = YES_AGGRESSIVE;
				CLANG_WARN_UNREACHABLE_CODE = YES;
				CLANG_WARN__DUPLICATE_METHOD_MATCH = YES;
				CODE_SIGN_IDENTITY = "iPhone Developer";
				COPY_PHASE_STRIP = NO;
				DEBUG_INFORMATION_FORMAT = "dwarf-with-dsym";
				ENABLE_NS_ASSERTIONS = NO;
				ENABLE_STRICT_OBJC_MSGSEND = YES;
				GCC_C_LANGUAGE_STANDARD = gnu11;
				GCC_NO_COMMON_BLOCKS = YES;
				GCC_WARN_64_TO_32_BIT_CONVERSION = YES;
				GCC_WARN_ABOUT_RETURN_TYPE = YES_ERROR;
				GCC_WARN_UNDECLARED_SELECTOR = YES;
				GCC_WARN_UNINITIALIZED_AUTOS = YES_AGGRESSIVE;
				GCC_WARN_UNUSED_FUNCTION = YES;
				GCC_WARN_UNUSED_VARIABLE = YES;
				IPHONEOS_DEPLOYMENT_TARGET = 12.2;
				MTL_ENABLE_DEBUG_INFO = NO;
				MTL_FAST_MATH = YES;
				SDKROOT = iphoneos;
				SWIFT_COMPILATION_MODE = wholemodule;
				SWIFT_OPTIMIZATION_LEVEL = "-O";
				VALIDATE_PRODUCT = YES;
			};
			name = Release;
		};
		D334F989225DEB1900B87EF0 /* Debug */ = {
			isa = XCBuildConfiguration;
			buildSettings = {
				ASSETCATALOG_COMPILER_APPICON_NAME = AppIcon;
				CODE_SIGN_STYLE = Manual;
				DEVELOPMENT_TEAM = "";
				INFOPLIST_FILE = GBDeviceInfoExample/Info.plist;
				LD_RUNPATH_SEARCH_PATHS = (
					"$(inherited)",
					"@executable_path/Frameworks",
				);
				PRODUCT_BUNDLE_IDENTIFIER = com.goonbee.GBDeviceInfoExample;
				PRODUCT_NAME = "$(TARGET_NAME)";
				PROVISIONING_PROFILE_SPECIFIER = "";
				SWIFT_VERSION = 5.0;
				TARGETED_DEVICE_FAMILY = "1,2";
			};
			name = Debug;
		};
		D334F98A225DEB1900B87EF0 /* Release */ = {
			isa = XCBuildConfiguration;
			buildSettings = {
				ASSETCATALOG_COMPILER_APPICON_NAME = AppIcon;
				CODE_SIGN_STYLE = Manual;
				DEVELOPMENT_TEAM = "";
				INFOPLIST_FILE = GBDeviceInfoExample/Info.plist;
				LD_RUNPATH_SEARCH_PATHS = (
					"$(inherited)",
					"@executable_path/Frameworks",
				);
				PRODUCT_BUNDLE_IDENTIFIER = com.goonbee.GBDeviceInfoExample;
				PRODUCT_NAME = "$(TARGET_NAME)";
				PROVISIONING_PROFILE_SPECIFIER = "";
				SWIFT_VERSION = 5.0;
				TARGETED_DEVICE_FAMILY = "1,2";
			};
			name = Release;
		};
		D334F98C225DEB1900B87EF0 /* Debug */ = {
			isa = XCBuildConfiguration;
			buildSettings = {
				ALWAYS_EMBED_SWIFT_STANDARD_LIBRARIES = YES;
				BUNDLE_LOADER = "$(TEST_HOST)";
				CODE_SIGN_STYLE = Automatic;
				INFOPLIST_FILE = GBDeviceInfoExampleTests/Info.plist;
				LD_RUNPATH_SEARCH_PATHS = (
					"$(inherited)",
					"@executable_path/Frameworks",
					"@loader_path/Frameworks",
				);
				PRODUCT_BUNDLE_IDENTIFIER = com.goonbee.GBDeviceInfoExampleTests;
				PRODUCT_NAME = "$(TARGET_NAME)";
				SWIFT_VERSION = 5.0;
				TARGETED_DEVICE_FAMILY = "1,2";
				TEST_HOST = "$(BUILT_PRODUCTS_DIR)/GBDeviceInfoExample.app/GBDeviceInfoExample";
			};
			name = Debug;
		};
		D334F98D225DEB1900B87EF0 /* Release */ = {
			isa = XCBuildConfiguration;
			buildSettings = {
				ALWAYS_EMBED_SWIFT_STANDARD_LIBRARIES = YES;
				BUNDLE_LOADER = "$(TEST_HOST)";
				CODE_SIGN_STYLE = Automatic;
				INFOPLIST_FILE = GBDeviceInfoExampleTests/Info.plist;
				LD_RUNPATH_SEARCH_PATHS = (
					"$(inherited)",
					"@executable_path/Frameworks",
					"@loader_path/Frameworks",
				);
				PRODUCT_BUNDLE_IDENTIFIER = com.goonbee.GBDeviceInfoExampleTests;
				PRODUCT_NAME = "$(TARGET_NAME)";
				SWIFT_VERSION = 5.0;
				TARGETED_DEVICE_FAMILY = "1,2";
				TEST_HOST = "$(BUILT_PRODUCTS_DIR)/GBDeviceInfoExample.app/GBDeviceInfoExample";
			};
			name = Release;
		};
/* End XCBuildConfiguration section */

/* Begin XCConfigurationList section */
		D334F966225DEB1800B87EF0 /* Build configuration list for PBXProject "GBDeviceInfoExample" */ = {
			isa = XCConfigurationList;
			buildConfigurations = (
				D334F986225DEB1900B87EF0 /* Debug */,
				D334F987225DEB1900B87EF0 /* Release */,
			);
			defaultConfigurationIsVisible = 0;
			defaultConfigurationName = Release;
		};
		D334F988225DEB1900B87EF0 /* Build configuration list for PBXNativeTarget "GBDeviceInfoExample_iOS" */ = {
			isa = XCConfigurationList;
			buildConfigurations = (
				D334F989225DEB1900B87EF0 /* Debug */,
				D334F98A225DEB1900B87EF0 /* Release */,
			);
			defaultConfigurationIsVisible = 0;
			defaultConfigurationName = Release;
		};
		D334F98B225DEB1900B87EF0 /* Build configuration list for PBXNativeTarget "GBDeviceInfoExample_iOS_Tests" */ = {
			isa = XCConfigurationList;
			buildConfigurations = (
				D334F98C225DEB1900B87EF0 /* Debug */,
				D334F98D225DEB1900B87EF0 /* Release */,
			);
			defaultConfigurationIsVisible = 0;
			defaultConfigurationName = Release;
		};
/* End XCConfigurationList section */
	};
	rootObject = D334F963225DEB1800B87EF0 /* Project object */;
}
